
Microsoft Visual Studio Solution File, Format Version 12.00
# Visual Studio Version 17
VisualStudioVersion = 17.5.002.0
MinimumVisualStudioVersion = 10.0.40219.1
Project("{9A19103F-16F7-4668-BE54-9A1E7A4F7556}") = "FriendBot", "FriendBot.csproj", "{7263E280-824E-446A-BE31-42CB143C6BC7}"
EndProject
Global
	GlobalSection(SolutionConfigurationPlatforms) = preSolution
		Debug|Any CPU = Debug|Any CPU
		Release|Any CPU = Release|Any CPU
	EndGlobalSection
	GlobalSection(ProjectConfigurationPlatforms) = postSolution
		{7263E280-824E-446A-BE31-42CB143C6BC7}.Debug|Any CPU.ActiveCfg = Debug|Any CPU
		{7263E280-824E-446A-BE31-42CB143C6BC7}.Debug|Any CPU.Build.0 = Debug|Any CPU
		{7263E280-824E-446A-BE31-42CB143C6BC7}.Release|Any CPU.ActiveCfg = Release|Any CPU
		{7263E280-824E-446A-BE31-42CB143C6BC7}.Release|Any CPU.Build.0 = Release|Any CPU
	EndGlobalSection
	GlobalSection(SolutionProperties) = preSolution
		HideSolutionNode = FALSE
	EndGlobalSection
	GlobalSection(ExtensibilityGlobals) = postSolution
		SolutionGuid = {3FC42F30-9ADA-413D-AF22-B16E687C35FA}
	EndGlobalSection
EndGlobal
